
Microsoft Visual Studio Solution File, Format Version 12.00
# Visual Studio Version 17
VisualStudioVersion = 17.1.32328.378
MinimumVisualStudioVersion = 10.0.40219.1
Project("{9A19103F-16F7-4668-BE54-9A1E7A4F7556}") = "Curso", "Curso.csproj", "{B42B04CF-8FBA-43C8-87FC-200659CE79F8}"
EndProject
Project("{9A19103F-16F7-4668-BE54-9A1E7A4F7556}") = "Condicional1", "..\Condicional1\Condicional1.csproj", "{123DAEAE-8648-4844-907D-10B2E0531460}"
EndProject
Project("{9A19103F-16F7-4668-BE54-9A1E7A4F7556}") = "Condicional2", "..\Condicional2\Condicional2.csproj", "{75AB9DCC-BF60-4108-B1C7-BB2A372E9CB5}"
EndProject
Project("{9A19103F-16F7-4668-BE54-9A1E7A4F7556}") = "Condicional3", "..\Condicional3\Condicional3.csproj", "{EA4BD678-8FC4-443E-A7AE-B44BBC6D8B81}"
EndProject
Project("{9A19103F-16F7-4668-BE54-9A1E7A4F7556}") = "Condicional4", "..\Condicional4\Condicional4.csproj", "{683DD8A6-9E50-437B-8435-B58C4D1F178D}"
EndProject
Project("{9A19103F-16F7-4668-BE54-9A1E7A4F7556}") = "Condicional5", "..\Condicional5\Condicional5.csproj", "{A3F62673-ABB4-470D-A1DD-DCFEF8177322}"
EndProject
Project("{9A19103F-16F7-4668-BE54-9A1E7A4F7556}") = "Condicional6", "..\Condicional6\Condicional6.csproj", "{F4D59A35-1D75-4E44-9F0F-267DB7FE01EF}"
EndProject
Project("{9A19103F-16F7-4668-BE54-9A1E7A4F7556}") = "Condicional7", "..\Condicional7\Condicional7.csproj", "{F4FA70DA-2855-4EF6-B24B-A18064BE3286}"
EndProject
Project("{9A19103F-16F7-4668-BE54-9A1E7A4F7556}") = "Condicional8", "..\Condicional8\Condicional8.csproj", "{C9900128-0136-4006-8AF0-0A4CECE41502}"
EndProject
Project("{9A19103F-16F7-4668-BE54-9A1E7A4F7556}") = "For1", "..\For1\For1.csproj", "{C655970F-40E8-4B8F-AA7E-D15D52C42254}"
EndProject
Project("{9A19103F-16F7-4668-BE54-9A1E7A4F7556}") = "For2", "..\For2\For2.csproj", "{7C29289E-A6D8-4AB9-8B68-CC941C3BEACE}"
EndProject
Project("{9A19103F-16F7-4668-BE54-9A1E7A4F7556}") = "For3", "..\For3\For3.csproj", "{1E6B7375-BCE5-408E-8249-5DBE7E51B968}"
EndProject
Project("{9A19103F-16F7-4668-BE54-9A1E7A4F7556}") = "For4", "..\For4\For4.csproj", "{0B0E13E5-BE2A-4997-BD36-4E079886AB18}"
EndProject
Project("{9A19103F-16F7-4668-BE54-9A1E7A4F7556}") = "For5", "..\For5\For5.csproj", "{EF932149-6C6C-4CE8-857C-E1C414D40719}"
EndProject
Project("{9A19103F-16F7-4668-BE54-9A1E7A4F7556}") = "For6", "..\For6\For6.csproj", "{5B914E50-21EB-4138-8CBE-D3AB99C6655C}"
EndProject
Project("{9A19103F-16F7-4668-BE54-9A1E7A4F7556}") = "For7", "..\For7\For7.csproj", "{AD4683F6-1835-4E0B-94AF-AEFD5CD43C65}"
EndProject
Project("{9A19103F-16F7-4668-BE54-9A1E7A4F7556}") = "Sequencial1", "..\Sequencial1\Sequencial1.csproj", "{2973CE8D-2A4D-4FFC-BB8B-501B14F1462B}"
EndProject
Project("{9A19103F-16F7-4668-BE54-9A1E7A4F7556}") = "Sequencial2", "..\Sequencial2\Sequencial2.csproj", "{B102AC57-0A8D-4E88-A733-0516EE2F1DD5}"
EndProject
Project("{9A19103F-16F7-4668-BE54-9A1E7A4F7556}") = "Sequencial4", "..\Sequencial4\Sequencial4.csproj", "{F0A243CA-BB81-444A-BCA9-12F6B41D1337}"
EndProject
Project("{9A19103F-16F7-4668-BE54-9A1E7A4F7556}") = "Sequencial3", "..\Sequencial3\Sequencial3.csproj", "{039BFFF1-7DF1-4CD4-96E7-A3CD846D1962}"
EndProject
Project("{9A19103F-16F7-4668-BE54-9A1E7A4F7556}") = "Sequencial5", "..\Sequencial5\Sequencial5.csproj", "{A6240038-3E51-44AE-A2B3-90A700CE7926}"
EndProject
Project("{9A19103F-16F7-4668-BE54-9A1E7A4F7556}") = "Sequencial6", "..\Sequencial6\Sequencial6.csproj", "{6E569D45-1579-48EF-8369-CC1D6A3ED40D}"
EndProject
Project("{9A19103F-16F7-4668-BE54-9A1E7A4F7556}") = "While1", "..\While1\While1.csproj", "{043C7048-CBA8-43BF-8274-F842D284F918}"
EndProject
Project("{9A19103F-16F7-4668-BE54-9A1E7A4F7556}") = "While2", "..\While2\While2.csproj", "{9D61BEEE-2B26-4405-8CB6-32062100A232}"
EndProject
Project("{9A19103F-16F7-4668-BE54-9A1E7A4F7556}") = "While3", "..\While3\While3.csproj", "{E2E8D010-D23B-4000-AAAC-0A20ED1480E8}"
EndProject
Project("{FAE04EC0-301F-11D3-BF4B-00C04F79EFBC}") = "ConversorDolar", "..\ConversorDolar\ConversorDolar.csproj", "{05565CCD-7AAE-4A9C-BA44-5C7B5071D563}"
EndProject
Project("{FAE04EC0-301F-11D3-BF4B-00C04F79EFBC}") = "Retangulo", "..\Retangulo\Retangulo.csproj", "{32F55BB7-92DB-49EF-AD1E-C9284E282CBE}"
EndProject
Project("{FAE04EC0-301F-11D3-BF4B-00C04F79EFBC}") = "Funcionario", "..\Funcionario\Funcionario.csproj", "{0BFDCFFC-DB86-4338-9323-3CB252B42C71}"
EndProject
Project("{FAE04EC0-301F-11D3-BF4B-00C04F79EFBC}") = "MediaAluno", "..\MediaAluno\MediaAluno.csproj", "{AA8DDDE1-52E4-4B05-9B71-52C226C70F8E}"
EndProject
Global
	GlobalSection(SolutionConfigurationPlatforms) = preSolution
		Debug|Any CPU = Debug|Any CPU
		Release|Any CPU = Release|Any CPU
	EndGlobalSection
	GlobalSection(ProjectConfigurationPlatforms) = postSolution
		{B42B04CF-8FBA-43C8-87FC-200659CE79F8}.Debug|Any CPU.ActiveCfg = Debug|Any CPU
		{B42B04CF-8FBA-43C8-87FC-200659CE79F8}.Debug|Any CPU.Build.0 = Debug|Any CPU
		{B42B04CF-8FBA-43C8-87FC-200659CE79F8}.Release|Any CPU.ActiveCfg = Release|Any CPU
		{B42B04CF-8FBA-43C8-87FC-200659CE79F8}.Release|Any CPU.Build.0 = Release|Any CPU
		{123DAEAE-8648-4844-907D-10B2E0531460}.Debug|Any CPU.ActiveCfg = Debug|Any CPU
		{123DAEAE-8648-4844-907D-10B2E0531460}.Debug|Any CPU.Build.0 = Debug|Any CPU
		{123DAEAE-8648-4844-907D-10B2E0531460}.Release|Any CPU.ActiveCfg = Release|Any CPU
		{123DAEAE-8648-4844-907D-10B2E0531460}.Release|Any CPU.Build.0 = Release|Any CPU
		{75AB9DCC-BF60-4108-B1C7-BB2A372E9CB5}.Debug|Any CPU.ActiveCfg = Debug|Any CPU
		{75AB9DCC-BF60-4108-B1C7-BB2A372E9CB5}.Debug|Any CPU.Build.0 = Debug|Any CPU
		{75AB9DCC-BF60-4108-B1C7-BB2A372E9CB5}.Release|Any CPU.ActiveCfg = Release|Any CPU
		{75AB9DCC-BF60-4108-B1C7-BB2A372E9CB5}.Release|Any CPU.Build.0 = Release|Any CPU
		{EA4BD678-8FC4-443E-A7AE-B44BBC6D8B81}.Debug|Any CPU.ActiveCfg = Debug|Any CPU
		{EA4BD678-8FC4-443E-A7AE-B44BBC6D8B81}.Debug|Any CPU.Build.0 = Debug|Any CPU
		{EA4BD678-8FC4-443E-A7AE-B44BBC6D8B81}.Release|Any CPU.ActiveCfg = Release|Any CPU
		{EA4BD678-8FC4-443E-A7AE-B44BBC6D8B81}.Release|Any CPU.Build.0 = Release|Any CPU
		{683DD8A6-9E50-437B-8435-B58C4D1F178D}.Debug|Any CPU.ActiveCfg = Debug|Any CPU
		{683DD8A6-9E50-437B-8435-B58C4D1F178D}.Debug|Any CPU.Build.0 = Debug|Any CPU
		{683DD8A6-9E50-437B-8435-B58C4D1F178D}.Release|Any CPU.ActiveCfg = Release|Any CPU
		{683DD8A6-9E50-437B-8435-B58C4D1F178D}.Release|Any CPU.Build.0 = Release|Any CPU
		{A3F62673-ABB4-470D-A1DD-DCFEF8177322}.Debug|Any CPU.ActiveCfg = Debug|Any CPU
		{A3F62673-ABB4-470D-A1DD-DCFEF8177322}.Debug|Any CPU.Build.0 = Debug|Any CPU
		{A3F62673-ABB4-470D-A1DD-DCFEF8177322}.Release|Any CPU.ActiveCfg = Release|Any CPU
		{A3F62673-ABB4-470D-A1DD-DCFEF8177322}.Release|Any CPU.Build.0 = Release|Any CPU
		{F4D59A35-1D75-4E44-9F0F-267DB7FE01EF}.Debug|Any CPU.ActiveCfg = Debug|Any CPU
		{F4D59A35-1D75-4E44-9F0F-267DB7FE01EF}.Debug|Any CPU.Build.0 = Debug|Any CPU
		{F4D59A35-1D75-4E44-9F0F-267DB7FE01EF}.Release|Any CPU.ActiveCfg = Release|Any CPU
		{F4D59A35-1D75-4E44-9F0F-267DB7FE01EF}.Release|Any CPU.Build.0 = Release|Any CPU
		{F4FA70DA-2855-4EF6-B24B-A18064BE3286}.Debug|Any CPU.ActiveCfg = Debug|Any CPU
		{F4FA70DA-2855-4EF6-B24B-A18064BE3286}.Debug|Any CPU.Build.0 = Debug|Any CPU
		{F4FA70DA-2855-4EF6-B24B-A18064BE3286}.Release|Any CPU.ActiveCfg = Release|Any CPU
		{F4FA70DA-2855-4EF6-B24B-A18064BE3286}.Release|Any CPU.Build.0 = Release|Any CPU
		{C9900128-0136-4006-8AF0-0A4CECE41502}.Debug|Any CPU.ActiveCfg = Debug|Any CPU
		{C9900128-0136-4006-8AF0-0A4CECE41502}.Debug|Any CPU.Build.0 = Debug|Any CPU
		{C9900128-0136-4006-8AF0-0A4CECE41502}.Release|Any CPU.ActiveCfg = Release|Any CPU
		{C9900128-0136-4006-8AF0-0A4CECE41502}.Release|Any CPU.Build.0 = Release|Any CPU
		{C655970F-40E8-4B8F-AA7E-D15D52C42254}.Debug|Any CPU.ActiveCfg = Debug|Any CPU
		{C655970F-40E8-4B8F-AA7E-D15D52C42254}.Debug|Any CPU.Build.0 = Debug|Any CPU
		{C655970F-40E8-4B8F-AA7E-D15D52C42254}.Release|Any CPU.ActiveCfg = Release|Any CPU
		{C655970F-40E8-4B8F-AA7E-D15D52C42254}.Release|Any CPU.Build.0 = Release|Any CPU
		{7C29289E-A6D8-4AB9-8B68-CC941C3BEACE}.Debug|Any CPU.ActiveCfg = Debug|Any CPU
		{7C29289E-A6D8-4AB9-8B68-CC941C3BEACE}.Debug|Any CPU.Build.0 = Debug|Any CPU
		{7C29289E-A6D8-4AB9-8B68-CC941C3BEACE}.Release|Any CPU.ActiveCfg = Release|Any CPU
		{7C29289E-A6D8-4AB9-8B68-CC941C3BEACE}.Release|Any CPU.Build.0 = Release|Any CPU
		{1E6B7375-BCE5-408E-8249-5DBE7E51B968}.Debug|Any CPU.ActiveCfg = Debug|Any CPU
		{1E6B7375-BCE5-408E-8249-5DBE7E51B968}.Debug|Any CPU.Build.0 = Debug|Any CPU
		{1E6B7375-BCE5-408E-8249-5DBE7E51B968}.Release|Any CPU.ActiveCfg = Release|Any CPU
		{1E6B7375-BCE5-408E-8249-5DBE7E51B968}.Release|Any CPU.Build.0 = Release|Any CPU
		{0B0E13E5-BE2A-4997-BD36-4E079886AB18}.Debug|Any CPU.ActiveCfg = Debug|Any CPU
		{0B0E13E5-BE2A-4997-BD36-4E079886AB18}.Debug|Any CPU.Build.0 = Debug|Any CPU
		{0B0E13E5-BE2A-4997-BD36-4E079886AB18}.Release|Any CPU.ActiveCfg = Release|Any CPU
		{0B0E13E5-BE2A-4997-BD36-4E079886AB18}.Release|Any CPU.Build.0 = Release|Any CPU
		{EF932149-6C6C-4CE8-857C-E1C414D40719}.Debug|Any CPU.ActiveCfg = Debug|Any CPU
		{EF932149-6C6C-4CE8-857C-E1C414D40719}.Debug|Any CPU.Build.0 = Debug|Any CPU
		{EF932149-6C6C-4CE8-857C-E1C414D40719}.Release|Any CPU.ActiveCfg = Release|Any CPU
		{EF932149-6C6C-4CE8-857C-E1C414D40719}.Release|Any CPU.Build.0 = Release|Any CPU
		{5B914E50-21EB-4138-8CBE-D3AB99C6655C}.Debug|Any CPU.ActiveCfg = Debug|Any CPU
		{5B914E50-21EB-4138-8CBE-D3AB99C6655C}.Debug|Any CPU.Build.0 = Debug|Any CPU
		{5B914E50-21EB-4138-8CBE-D3AB99C6655C}.Release|Any CPU.ActiveCfg = Release|Any CPU
		{5B914E50-21EB-4138-8CBE-D3AB99C6655C}.Release|Any CPU.Build.0 = Release|Any CPU
		{AD4683F6-1835-4E0B-94AF-AEFD5CD43C65}.Debug|Any CPU.ActiveCfg = Debug|Any CPU
		{AD4683F6-1835-4E0B-94AF-AEFD5CD43C65}.Debug|Any CPU.Build.0 = Debug|Any CPU
		{AD4683F6-1835-4E0B-94AF-AEFD5CD43C65}.Release|Any CPU.ActiveCfg = Release|Any CPU
		{AD4683F6-1835-4E0B-94AF-AEFD5CD43C65}.Release|Any CPU.Build.0 = Release|Any CPU
		{2973CE8D-2A4D-4FFC-BB8B-501B14F1462B}.Debug|Any CPU.ActiveCfg = Debug|Any CPU
		{2973CE8D-2A4D-4FFC-BB8B-501B14F1462B}.Debug|Any CPU.Build.0 = Debug|Any CPU
		{2973CE8D-2A4D-4FFC-BB8B-501B14F1462B}.Release|Any CPU.ActiveCfg = Release|Any CPU
		{2973CE8D-2A4D-4FFC-BB8B-501B14F1462B}.Release|Any CPU.Build.0 = Release|Any CPU
		{B102AC57-0A8D-4E88-A733-0516EE2F1DD5}.Debug|Any CPU.ActiveCfg = Debug|Any CPU
		{B102AC57-0A8D-4E88-A733-0516EE2F1DD5}.Debug|Any CPU.Build.0 = Debug|Any CPU
		{B102AC57-0A8D-4E88-A733-0516EE2F1DD5}.Release|Any CPU.ActiveCfg = Release|Any CPU
		{B102AC57-0A8D-4E88-A733-0516EE2F1DD5}.Release|Any CPU.Build.0 = Release|Any CPU
		{F0A243CA-BB81-444A-BCA9-12F6B41D1337}.Debug|Any CPU.ActiveCfg = Debug|Any CPU
		{F0A243CA-BB81-444A-BCA9-12F6B41D1337}.Debug|Any CPU.Build.0 = Debug|Any CPU
		{F0A243CA-BB81-444A-BCA9-12F6B41D1337}.Release|Any CPU.ActiveCfg = Release|Any CPU
		{F0A243CA-BB81-444A-BCA9-12F6B41D1337}.Release|Any CPU.Build.0 = Release|Any CPU
		{039BFFF1-7DF1-4CD4-96E7-A3CD846D1962}.Debug|Any CPU.ActiveCfg = Debug|Any CPU
		{039BFFF1-7DF1-4CD4-96E7-A3CD846D1962}.Debug|Any CPU.Build.0 = Debug|Any CPU
		{039BFFF1-7DF1-4CD4-96E7-A3CD846D1962}.Release|Any CPU.ActiveCfg = Release|Any CPU
		{039BFFF1-7DF1-4CD4-96E7-A3CD846D1962}.Release|Any CPU.Build.0 = Release|Any CPU
		{A6240038-3E51-44AE-A2B3-90A700CE7926}.Debug|Any CPU.ActiveCfg = Debug|Any CPU
		{A6240038-3E51-44AE-A2B3-90A700CE7926}.Debug|Any CPU.Build.0 = Debug|Any CPU
		{A6240038-3E51-44AE-A2B3-90A700CE7926}.Release|Any CPU.ActiveCfg = Release|Any CPU
		{A6240038-3E51-44AE-A2B3-90A700CE7926}.Release|Any CPU.Build.0 = Release|Any CPU
		{6E569D45-1579-48EF-8369-CC1D6A3ED40D}.Debug|Any CPU.ActiveCfg = Debug|Any CPU
		{6E569D45-1579-48EF-8369-CC1D6A3ED40D}.Debug|Any CPU.Build.0 = Debug|Any CPU
		{6E569D45-1579-48EF-8369-CC1D6A3ED40D}.Release|Any CPU.ActiveCfg = Release|Any CPU
		{6E569D45-1579-48EF-8369-CC1D6A3ED40D}.Release|Any CPU.Build.0 = Release|Any CPU
		{043C7048-CBA8-43BF-8274-F842D284F918}.Debug|Any CPU.ActiveCfg = Debug|Any CPU
		{043C7048-CBA8-43BF-8274-F842D284F918}.Debug|Any CPU.Build.0 = Debug|Any CPU
		{043C7048-CBA8-43BF-8274-F842D284F918}.Release|Any CPU.ActiveCfg = Release|Any CPU
		{043C7048-CBA8-43BF-8274-F842D284F918}.Release|Any CPU.Build.0 = Release|Any CPU
		{9D61BEEE-2B26-4405-8CB6-32062100A232}.Debug|Any CPU.ActiveCfg = Debug|Any CPU
		{9D61BEEE-2B26-4405-8CB6-32062100A232}.Debug|Any CPU.Build.0 = Debug|Any CPU
		{9D61BEEE-2B26-4405-8CB6-32062100A232}.Release|Any CPU.ActiveCfg = Release|Any CPU
		{9D61BEEE-2B26-4405-8CB6-32062100A232}.Release|Any CPU.Build.0 = Release|Any CPU
		{E2E8D010-D23B-4000-AAAC-0A20ED1480E8}.Debug|Any CPU.ActiveCfg = Debug|Any CPU
		{E2E8D010-D23B-4000-AAAC-0A20ED1480E8}.Debug|Any CPU.Build.0 = Debug|Any CPU
		{E2E8D010-D23B-4000-AAAC-0A20ED1480E8}.Release|Any CPU.ActiveCfg = Release|Any CPU
		{E2E8D010-D23B-4000-AAAC-0A20ED1480E8}.Release|Any CPU.Build.0 = Release|Any CPU
		{05565CCD-7AAE-4A9C-BA44-5C7B5071D563}.Debug|Any CPU.ActiveCfg = Debug|Any CPU
		{05565CCD-7AAE-4A9C-BA44-5C7B5071D563}.Debug|Any CPU.Build.0 = Debug|Any CPU
		{05565CCD-7AAE-4A9C-BA44-5C7B5071D563}.Release|Any CPU.ActiveCfg = Release|Any CPU
		{05565CCD-7AAE-4A9C-BA44-5C7B5071D563}.Release|Any CPU.Build.0 = Release|Any CPU
		{32F55BB7-92DB-49EF-AD1E-C9284E282CBE}.Debug|Any CPU.ActiveCfg = Debug|Any CPU
		{32F55BB7-92DB-49EF-AD1E-C9284E282CBE}.Debug|Any CPU.Build.0 = Debug|Any CPU
		{32F55BB7-92DB-49EF-AD1E-C9284E282CBE}.Release|Any CPU.ActiveCfg = Release|Any CPU
		{32F55BB7-92DB-49EF-AD1E-C9284E282CBE}.Release|Any CPU.Build.0 = Release|Any CPU
		{0BFDCFFC-DB86-4338-9323-3CB252B42C71}.Debug|Any CPU.ActiveCfg = Debug|Any CPU
		{0BFDCFFC-DB86-4338-9323-3CB252B42C71}.Debug|Any CPU.Build.0 = Debug|Any CPU
		{0BFDCFFC-DB86-4338-9323-3CB252B42C71}.Release|Any CPU.ActiveCfg = Release|Any CPU
		{0BFDCFFC-DB86-4338-9323-3CB252B42C71}.Release|Any CPU.Build.0 = Release|Any CPU
		{AA8DDDE1-52E4-4B05-9B71-52C226C70F8E}.Debug|Any CPU.ActiveCfg = Debug|Any CPU
		{AA8DDDE1-52E4-4B05-9B71-52C226C70F8E}.Debug|Any CPU.Build.0 = Debug|Any CPU
		{AA8DDDE1-52E4-4B05-9B71-52C226C70F8E}.Release|Any CPU.ActiveCfg = Release|Any CPU
		{AA8DDDE1-52E4-4B05-9B71-52C226C70F8E}.Release|Any CPU.Build.0 = Release|Any CPU
	EndGlobalSection
	GlobalSection(SolutionProperties) = preSolution
		HideSolutionNode = FALSE
	EndGlobalSection
	GlobalSection(ExtensibilityGlobals) = postSolution
		SolutionGuid = {E740D5BB-675F-44BD-83E1-CAB8574CC3EB}
	EndGlobalSection
EndGlobal
